{
  "requires": true,
  "lockfileVersion": 1,
  "dependencies": {
    "minimist": {
      "version": "1.2.0",
      "resolved": "https://registry.npmjs.org/minimist/-/minimist-1.2.0.tgz",
      "integrity": "sha1-o1AIsg9BOD7sH7kU9M1d95omQoQ="
    },
    "mkdirp": {
      "version": "0.5.1",
      "resolved": "https://registry.npmjs.org/mkdirp/-/mkdirp-0.5.1.tgz",
      "integrity": "sha1-MAV0OOrGz3+MR2fzhkjWaX11yQM=",
      "requires": {
        "minimist": "0.0.8"
      },
      "dependencies": {
        "minimist": {
          "version": "0.0.8",
          "resolved": "https://registry.npmjs.org/minimist/-/minimist-0.0.8.tgz",
          "integrity": "sha1-hX/Kv8M5fSYluCKCYuhqp6ARsF0="
        }
      }
    },
    "mkdirp-promise": {
      "version": "5.0.1",
      "resolved": "https://registry.npmjs.org/mkdirp-promise/-/mkdirp-promise-5.0.1.tgz",
      "integrity": "sha1-6bj2jlUsaKnBcTuEiD96HdA5uKE=",
      "requires": {
        "mkdirp": "0.5.1"
      }
    },
    "pn": {
      "version": "1.1.0",
      "resolved": "https://registry.npmjs.org/pn/-/pn-1.1.0.tgz",
      "integrity": "sha512-2qHaIQr2VLRFoxe2nASzsV6ef4yOOH+Fi9FBOVH6cqeSgUnoyySPZkxzLuzd+RYOQTRpROA0ztTMqxROKSb/nA=="
    },
    "rxjs": {
      "version": "5.5.6",
      "resolved": "https://registry.npmjs.org/rxjs/-/rxjs-5.5.6.tgz",
      "integrity": "sha512-v4Q5HDC0FHAQ7zcBX7T2IL6O5ltl1a2GX4ENjPXg6SjDY69Cmx9v4113C99a4wGF16ClPv5Z8mghuYorVkg/kg==",
      "requires": {
        "symbol-observable": "1.0.1"
      }
    },
    "symbol-observable": {
      "version": "1.0.1",
      "resolved": "https://registry.npmjs.org/symbol-observable/-/symbol-observable-1.0.1.tgz",
      "integrity": "sha1-g0D8RwLDEi310iKI+IKD9RPT/dQ="
    },
    "themer": {
      "version": "2.2.3",
      "resolved": "https://registry.npmjs.org/themer/-/themer-2.2.3.tgz",
      "integrity": "sha512-botZGCoLxUAaBUyLBATOnRUZp4hOPE6UeHb3rwPcqxAcDkHxQ4zWchINAyu1nG3f3arHtJWQmchwZ9bJrk6gjQ==",
      "requires": {
        "minimist": "1.2.0",
        "mkdirp-promise": "5.0.1",
        "pn": "1.1.0",
        "rxjs": "5.5.6"
      }
    },
    "themer-colors-default": {
      "version": "1.0.5",
      "resolved": "https://registry.npmjs.org/themer-colors-default/-/themer-colors-default-1.0.5.tgz",
      "integrity": "sha512-hmZsBP8x0o9/6krF+5li3kKTWpjbNHjENIIOkjxtbCXpL4+sixICRqAMc1PXO9Rrw9KBq2HsEw1/+Y8g3X/ElA=="
    },
    "themer-vim": {
      "version": "2.2.7",
      "resolved": "https://registry.npmjs.org/themer-vim/-/themer-vim-2.2.7.tgz",
      "integrity": "sha512-h2xkjoT8zms/68C699Tci+gckaUWWwGL2OIBlEHvP3cAjgWg4ZcyBIo1gq5aIm95yj3+BMbCTQTnFO7AHo+VPg=="
    },
    "themer-wallpaper-block-wave": {
      "version": "2.0.1",
      "resolved": "https://registry.npmjs.org/themer-wallpaper-block-wave/-/themer-wallpaper-block-wave-2.0.1.tgz",
      "integrity": "sha512-2VuIbzxDg8sHvaZQ8JbP7XaoczkHGCbw51g1HwrV39BDpUCJvvdreWOFaE4CK3v1V5s1ZCspxRBaLLf47q8QRA=="
    }
  }
}
